
Microsoft Visual Studio Solution File, Format Version 12.00
# Visual Studio Version 16
VisualStudioVersion = 16.0.30204.135
MinimumVisualStudioVersion = 10.0.40219.1
Project("{FAE04EC0-301F-11D3-BF4B-00C04F79EFBC}") = "grafika3d", "grafika3d\grafika3d.csproj", "{914DF743-19FA-4AE2-8B6E-4B6B1F69625D}"
EndProject
Global
	GlobalSection(SolutionConfigurationPlatforms) = preSolution
		Debug|Any CPU = Debug|Any CPU
		Release|Any CPU = Release|Any CPU
	EndGlobalSection
	GlobalSection(ProjectConfigurationPlatforms) = postSolution
		{914DF743-19FA-4AE2-8B6E-4B6B1F69625D}.Debug|Any CPU.ActiveCfg = Debug|Any CPU
		{914DF743-19FA-4AE2-8B6E-4B6B1F69625D}.Debug|Any CPU.Build.0 = Debug|Any CPU
		{914DF743-19FA-4AE2-8B6E-4B6B1F69625D}.Release|Any CPU.ActiveCfg = Release|Any CPU
		{914DF743-19FA-4AE2-8B6E-4B6B1F69625D}.Release|Any CPU.Build.0 = Release|Any CPU
	EndGlobalSection
	GlobalSection(SolutionProperties) = preSolution
		HideSolutionNode = FALSE
	EndGlobalSection
	GlobalSection(ExtensibilityGlobals) = postSolution
		SolutionGuid = {C551EF5A-14BB-4D98-B1D5-48D9CB8822CC}
	EndGlobalSection
EndGlobal
